
Microsoft Visual Studio Solution File, Format Version 12.00
# Visual Studio Version 17
VisualStudioVersion = 17.4.33110.190
MinimumVisualStudioVersion = 10.0.40219.1
Project("{FAE04EC0-301F-11D3-BF4B-00C04F79EFBC}") = "UI", "RPG Tutorial\UI.csproj", "{4CA90A35-DF4A-47EF-8CFF-C9EE3A8C59AB}"
EndProject
Global
	GlobalSection(SolutionConfigurationPlatforms) = preSolution
		Debug|Any CPU = Debug|Any CPU
		Release|Any CPU = Release|Any CPU
	EndGlobalSection
	GlobalSection(ProjectConfigurationPlatforms) = postSolution
		{4CA90A35-DF4A-47EF-8CFF-C9EE3A8C59AB}.Debug|Any CPU.ActiveCfg = Debug|Any CPU
		{4CA90A35-DF4A-47EF-8CFF-C9EE3A8C59AB}.Debug|Any CPU.Build.0 = Debug|Any CPU
		{4CA90A35-DF4A-47EF-8CFF-C9EE3A8C59AB}.Release|Any CPU.ActiveCfg = Release|Any CPU
		{4CA90A35-DF4A-47EF-8CFF-C9EE3A8C59AB}.Release|Any CPU.Build.0 = Release|Any CPU
	EndGlobalSection
	GlobalSection(SolutionProperties) = preSolution
		HideSolutionNode = FALSE
	EndGlobalSection
	GlobalSection(ExtensibilityGlobals) = postSolution
		SolutionGuid = {532676CE-12D5-4AAB-AC86-6B09BE45C899}
	EndGlobalSection
EndGlobal
